
Microsoft Visual Studio Solution File, Format Version 11.00
# Visual Studio 2010
Project("{FAE04EC0-301F-11D3-BF4B-00C04F79EFBC}") = "Assembly-CSharp", "Assembly-CSharp.csproj", "{61cfe010-5fab-f990-3c55-fad2c03c9421}"
EndProject
Project("{FAE04EC0-301F-11D3-BF4B-00C04F79EFBC}") = "Assembly-CSharp-Editor", "Assembly-CSharp-Editor.csproj", "{86365e95-278d-6507-4026-b6976903cbb7}"
EndProject
Global
	GlobalSection(SolutionConfigurationPlatforms) = preSolution
		Debug|Any CPU = Debug|Any CPU
	EndGlobalSection
	GlobalSection(ProjectConfigurationPlatforms) = postSolution
		{61cfe010-5fab-f990-3c55-fad2c03c9421}.Debug|Any CPU.ActiveCfg = Debug|Any CPU
		{61cfe010-5fab-f990-3c55-fad2c03c9421}.Debug|Any CPU.Build.0 = Debug|Any CPU
		{86365e95-278d-6507-4026-b6976903cbb7}.Debug|Any CPU.ActiveCfg = Debug|Any CPU
		{86365e95-278d-6507-4026-b6976903cbb7}.Debug|Any CPU.Build.0 = Debug|Any CPU
	EndGlobalSection
	GlobalSection(SolutionProperties) = preSolution
		HideSolutionNode = FALSE
	EndGlobalSection
EndGlobal
